
Microsoft Visual Studio Solution File, Format Version 10.00
# Visual Studio 2008
Project("{FAE04EC0-301F-11D3-BF4B-00C04F79EFBC}") = "rhevUP", "rhevUP\rhevUP.csproj", "{D07A197F-F6C3-46AD-A436-437759A2C699}"
EndProject
Global
	GlobalSection(SolutionConfigurationPlatforms) = preSolution
		Debug|Any CPU = Debug|Any CPU
		Release|Any CPU = Release|Any CPU
	EndGlobalSection
	GlobalSection(ProjectConfigurationPlatforms) = postSolution
		{D07A197F-F6C3-46AD-A436-437759A2C699}.Debug|Any CPU.ActiveCfg = Debug|Any CPU
		{D07A197F-F6C3-46AD-A436-437759A2C699}.Debug|Any CPU.Build.0 = Debug|Any CPU
		{D07A197F-F6C3-46AD-A436-437759A2C699}.Release|Any CPU.ActiveCfg = Release|Any CPU
		{D07A197F-F6C3-46AD-A436-437759A2C699}.Release|Any CPU.Build.0 = Release|Any CPU
	EndGlobalSection
	GlobalSection(SolutionProperties) = preSolution
		HideSolutionNode = FALSE
	EndGlobalSection
EndGlobal
